
Microsoft Visual Studio Solution File, Format Version 12.00
# Visual Studio Version 17
VisualStudioVersion = 17.0.31903.59
MinimumVisualStudioVersion = 10.0.40219.1
Project("{2150E333-8FDC-42A3-9474-1A3956D46DE8}") = "Src", "Src", "{3685098A-2EFB-4206-94EB-82F5558B7221}"
EndProject
Project("{2150E333-8FDC-42A3-9474-1A3956D46DE8}") = "Shop", "Shop", "{653BFA59-8F7F-4F29-AC47-DF4E9FF3825D}"
EndProject
Project("{2150E333-8FDC-42A3-9474-1A3956D46DE8}") = "Server", "Server", "{E463BDA1-4242-4E11-85F9-26B77133459D}"
EndProject
Project("{2150E333-8FDC-42A3-9474-1A3956D46DE8}") = "Client", "Client", "{B245A59A-594C-4D95-B1B5-88D83D80739E}"
EndProject
Project("{9A19103F-16F7-4668-BE54-9A1E7A4F7556}") = "DAL", "Notifications\Server\DAL\DAL.csproj", "{EC06712B-2E4C-47CE-9953-BAF830EF9FC3}"
EndProject
Project("{2150E333-8FDC-42A3-9474-1A3956D46DE8}") = "Base", "Base", "{5EFEF424-1629-44A4-9331-8536358DEF3A}"
EndProject
Project("{9A19103F-16F7-4668-BE54-9A1E7A4F7556}") = "Model", "Notifications\Base\Model\Model.csproj", "{0D19EFE0-F3F7-46B8-B7D8-95E6D73A33F6}"
EndProject
Project("{9A19103F-16F7-4668-BE54-9A1E7A4F7556}") = "Common", "Notifications\Base\Common\Common.csproj", "{95750FE6-4A63-493C-8437-77277675116F}"
EndProject
Project("{9A19103F-16F7-4668-BE54-9A1E7A4F7556}") = "Web", "Notifications\Server\Web\Web.csproj", "{2C69872D-3077-47CE-A3D1-1CB22E3A8455}"
EndProject
Global
	GlobalSection(SolutionConfigurationPlatforms) = preSolution
		Debug|Any CPU = Debug|Any CPU
		Release|Any CPU = Release|Any CPU
	EndGlobalSection
	GlobalSection(ProjectConfigurationPlatforms) = postSolution
		{EC06712B-2E4C-47CE-9953-BAF830EF9FC3}.Debug|Any CPU.ActiveCfg = Debug|Any CPU
		{EC06712B-2E4C-47CE-9953-BAF830EF9FC3}.Debug|Any CPU.Build.0 = Debug|Any CPU
		{EC06712B-2E4C-47CE-9953-BAF830EF9FC3}.Release|Any CPU.ActiveCfg = Release|Any CPU
		{EC06712B-2E4C-47CE-9953-BAF830EF9FC3}.Release|Any CPU.Build.0 = Release|Any CPU
		{0D19EFE0-F3F7-46B8-B7D8-95E6D73A33F6}.Debug|Any CPU.ActiveCfg = Debug|Any CPU
		{0D19EFE0-F3F7-46B8-B7D8-95E6D73A33F6}.Debug|Any CPU.Build.0 = Debug|Any CPU
		{0D19EFE0-F3F7-46B8-B7D8-95E6D73A33F6}.Release|Any CPU.ActiveCfg = Release|Any CPU
		{0D19EFE0-F3F7-46B8-B7D8-95E6D73A33F6}.Release|Any CPU.Build.0 = Release|Any CPU
		{95750FE6-4A63-493C-8437-77277675116F}.Debug|Any CPU.ActiveCfg = Debug|Any CPU
		{95750FE6-4A63-493C-8437-77277675116F}.Debug|Any CPU.Build.0 = Debug|Any CPU
		{95750FE6-4A63-493C-8437-77277675116F}.Release|Any CPU.ActiveCfg = Release|Any CPU
		{95750FE6-4A63-493C-8437-77277675116F}.Release|Any CPU.Build.0 = Release|Any CPU
		{2C69872D-3077-47CE-A3D1-1CB22E3A8455}.Debug|Any CPU.ActiveCfg = Debug|Any CPU
		{2C69872D-3077-47CE-A3D1-1CB22E3A8455}.Debug|Any CPU.Build.0 = Debug|Any CPU
		{2C69872D-3077-47CE-A3D1-1CB22E3A8455}.Release|Any CPU.ActiveCfg = Release|Any CPU
		{2C69872D-3077-47CE-A3D1-1CB22E3A8455}.Release|Any CPU.Build.0 = Release|Any CPU
	EndGlobalSection
	GlobalSection(SolutionProperties) = preSolution
		HideSolutionNode = FALSE
	EndGlobalSection
	GlobalSection(NestedProjects) = preSolution
		{653BFA59-8F7F-4F29-AC47-DF4E9FF3825D} = {3685098A-2EFB-4206-94EB-82F5558B7221}
		{E463BDA1-4242-4E11-85F9-26B77133459D} = {653BFA59-8F7F-4F29-AC47-DF4E9FF3825D}
		{B245A59A-594C-4D95-B1B5-88D83D80739E} = {653BFA59-8F7F-4F29-AC47-DF4E9FF3825D}
		{EC06712B-2E4C-47CE-9953-BAF830EF9FC3} = {E463BDA1-4242-4E11-85F9-26B77133459D}
		{5EFEF424-1629-44A4-9331-8536358DEF3A} = {653BFA59-8F7F-4F29-AC47-DF4E9FF3825D}
		{0D19EFE0-F3F7-46B8-B7D8-95E6D73A33F6} = {5EFEF424-1629-44A4-9331-8536358DEF3A}
		{95750FE6-4A63-493C-8437-77277675116F} = {5EFEF424-1629-44A4-9331-8536358DEF3A}
		{2C69872D-3077-47CE-A3D1-1CB22E3A8455} = {E463BDA1-4242-4E11-85F9-26B77133459D}
	EndGlobalSection
	GlobalSection(ExtensibilityGlobals) = postSolution
		SolutionGuid = {580BDDB3-D0C5-40FF-BD0C-B3B9F808210E}
	EndGlobalSection
EndGlobal
